// !$*UTF8*$!
{
	archiveVersion = 1;
	classes = {
	};
	objectVersion = 50;
	objects = {

/* Begin PBXBuildFile section */
		3174FCBC0593B5C1F60788DB /* Pods_se1Tests.framework in Frameworks */ = {isa = PBXBuildFile; fileRef = A7297B6D8DA19B6444CFE193 /* Pods_se1Tests.framework */; };
		87FA7ED91C7AC4790DB088F0 /* Pods_se1.framework in Frameworks */ = {isa = PBXBuildFile; fileRef = B212F9DD218E32C000324326 /* Pods_se1.framework */; };
		897B933448623D1E16F00C89 /* Pods_share.framework in Frameworks */ = {isa = PBXBuildFile; fileRef = 95DA01F39BD72FDF333A0A4C /* Pods_share.framework */; };
		AEB83C8868EE0F067DCD4E41 /* Pods_se1.framework in Frameworks */ = {isa = PBXBuildFile; fileRef = 1CA839CFFE48F97E98A706A0 /* Pods_se1.framework */; };
		B206E43921838DD20057C9D1 /* AppDelegate.swift in Sources */ = {isa = PBXBuildFile; fileRef = B206E43821838DD20057C9D1 /* AppDelegate.swift */; };
		B206E43B21838DD20057C9D1 /* ViewController.swift in Sources */ = {isa = PBXBuildFile; fileRef = B206E43A21838DD20057C9D1 /* ViewController.swift */; };
		B206E43E21838DD20057C9D1 /* Main.storyboard in Resources */ = {isa = PBXBuildFile; fileRef = B206E43C21838DD20057C9D1 /* Main.storyboard */; };
		B206E44121838DD20057C9D1 /* se1.xcdatamodeld in Sources */ = {isa = PBXBuildFile; fileRef = B206E43F21838DD20057C9D1 /* se1.xcdatamodeld */; };
		B206E44321838DD30057C9D1 /* Assets.xcassets in Resources */ = {isa = PBXBuildFile; fileRef = B206E44221838DD30057C9D1 /* Assets.xcassets */; };
		B206E44621838DD30057C9D1 /* LaunchScreen.storyboard in Resources */ = {isa = PBXBuildFile; fileRef = B206E44421838DD30057C9D1 /* LaunchScreen.storyboard */; };
		B206E45121838DD30057C9D1 /* se1Tests.swift in Sources */ = {isa = PBXBuildFile; fileRef = B206E45021838DD30057C9D1 /* se1Tests.swift */; };
		B206E45C21838DD40057C9D1 /* se1UITests.swift in Sources */ = {isa = PBXBuildFile; fileRef = B206E45B21838DD40057C9D1 /* se1UITests.swift */; };
		B206E47021838E440057C9D1 /* ShareViewController.swift in Sources */ = {isa = PBXBuildFile; fileRef = B206E46F21838E440057C9D1 /* ShareViewController.swift */; };
		B206E47321838E440057C9D1 /* MainInterface.storyboard in Resources */ = {isa = PBXBuildFile; fileRef = B206E47121838E440057C9D1 /* MainInterface.storyboard */; };
		B206E47721838E440057C9D1 /* share.appex in Embed App Extensions */ = {isa = PBXBuildFile; fileRef = B206E46D21838E440057C9D1 /* share.appex */; settings = {ATTRIBUTES = (RemoveHeadersOnCopy, ); }; };
		B206E47F218400E10057C9D1 /* TableViewController.swift in Sources */ = {isa = PBXBuildFile; fileRef = B206E47E218400E10057C9D1 /* TableViewController.swift */; };
		B212F9DE218E32C000324326 /* Pods_se1.framework in Frameworks */ = {isa = PBXBuildFile; fileRef = B212F9DD218E32C000324326 /* Pods_se1.framework */; };
		B212F9E12190B13400324326 /* HelpContentViewController.swift in Sources */ = {isa = PBXBuildFile; fileRef = B212F9DF2190B13400324326 /* HelpContentViewController.swift */; };
		B212F9E22190B13400324326 /* HelpViewController.swift in Sources */ = {isa = PBXBuildFile; fileRef = B212F9E02190B13400324326 /* HelpViewController.swift */; };
		B212F9E42190B3D400324326 /* RoundButton.swift in Sources */ = {isa = PBXBuildFile; fileRef = B212F9E32190B3D400324326 /* RoundButton.swift */; };
		B212F9EB2190B63200324326 /* mainshot-2.png in Resources */ = {isa = PBXBuildFile; fileRef = B212F9E62190B63200324326 /* mainshot-2.png */; };
		B212F9EC2190B63200324326 /* mainshot-3.png in Resources */ = {isa = PBXBuildFile; fileRef = B212F9E72190B63200324326 /* mainshot-3.png */; };
		B212F9ED2190B63200324326 /* mainshot-4.png in Resources */ = {isa = PBXBuildFile; fileRef = B212F9E82190B63200324326 /* mainshot-4.png */; };
		B212F9EE2190B63200324326 /* mainshot-5.png in Resources */ = {isa = PBXBuildFile; fileRef = B212F9E92190B63200324326 /* mainshot-5.png */; };
		B212F9EF2190B63200324326 /* mainshot-1.png in Resources */ = {isa = PBXBuildFile; fileRef = B212F9EA2190B63200324326 /* mainshot-1.png */; };
		B212F9F12190B9FC00324326 /* mainshot-6.png in Resources */ = {isa = PBXBuildFile; fileRef = B212F9F02190B9FC00324326 /* mainshot-6.png */; };
		D306132F8BA83625AE250987 /* Pods_se1UITests.framework in Frameworks */ = {isa = PBXBuildFile; fileRef = 86CADB8EECD99565CF73B3C0 /* Pods_se1UITests.framework */; };
/* End PBXBuildFile section */

/* Begin PBXContainerItemProxy section */
		B206E44D21838DD30057C9D1 /* PBXContainerItemProxy */ = {
			isa = PBXContainerItemProxy;
			containerPortal = B206E42D21838DD20057C9D1 /* Project object */;
			proxyType = 1;
			remoteGlobalIDString = B206E43421838DD20057C9D1;
			remoteInfo = se1;
		};
		B206E45821838DD40057C9D1 /* PBXContainerItemProxy */ = {
			isa = PBXContainerItemProxy;
			containerPortal = B206E42D21838DD20057C9D1 /* Project object */;
			proxyType = 1;
			remoteGlobalIDString = B206E43421838DD20057C9D1;
			remoteInfo = se1;
		};
		B206E47521838E440057C9D1 /* PBXContainerItemProxy */ = {
			isa = PBXContainerItemProxy;
			containerPortal = B206E42D21838DD20057C9D1 /* Project object */;
			proxyType = 1;
			remoteGlobalIDString = B206E46C21838E440057C9D1;
			remoteInfo = share;
		};
/* End PBXContainerItemProxy section */

/* Begin PBXCopyFilesBuildPhase section */
		B206E47B21838E440057C9D1 /* Embed App Extensions */ = {
			isa = PBXCopyFilesBuildPhase;
			buildActionMask = 2147483647;
			dstPath = "";
			dstSubfolderSpec = 13;
			files = (
				B206E47721838E440057C9D1 /* share.appex in Embed App Extensions */,
			);
			name = "Embed App Extensions";
			runOnlyForDeploymentPostprocessing = 0;
		};
/* End PBXCopyFilesBuildPhase section */

/* Begin PBXFileReference section */
		0067A9794DA087BB14F8BFD0 /* Pods-se1Tests.release.xcconfig */ = {isa = PBXFileReference; includeInIndex = 1; lastKnownFileType = text.xcconfig; name = "Pods-se1Tests.release.xcconfig"; path = "Pods/Target Support Files/Pods-se1Tests/Pods-se1Tests.release.xcconfig"; sourceTree = "<group>"; };
		020BCD0657ED45303A7C839C /* Pods-se1UITests.release.xcconfig */ = {isa = PBXFileReference; includeInIndex = 1; lastKnownFileType = text.xcconfig; name = "Pods-se1UITests.release.xcconfig"; path = "Pods/Target Support Files/Pods-se1UITests/Pods-se1UITests.release.xcconfig"; sourceTree = "<group>"; };
		1253C3218FC0D6501D815B15 /* Pods-share.release.xcconfig */ = {isa = PBXFileReference; includeInIndex = 1; lastKnownFileType = text.xcconfig; name = "Pods-share.release.xcconfig"; path = "Pods/Target Support Files/Pods-share/Pods-share.release.xcconfig"; sourceTree = "<group>"; };
		1CA839CFFE48F97E98A706A0 /* Pods_se1.framework */ = {isa = PBXFileReference; explicitFileType = wrapper.framework; includeInIndex = 0; path = Pods_se1.framework; sourceTree = BUILT_PRODUCTS_DIR; };
		78370595F1CA64484DAC6E89 /* Pods-se1.release.xcconfig */ = {isa = PBXFileReference; includeInIndex = 1; lastKnownFileType = text.xcconfig; name = "Pods-se1.release.xcconfig"; path = "Pods/Target Support Files/Pods-se1/Pods-se1.release.xcconfig"; sourceTree = "<group>"; };
		86CADB8EECD99565CF73B3C0 /* Pods_se1UITests.framework */ = {isa = PBXFileReference; explicitFileType = wrapper.framework; includeInIndex = 0; path = Pods_se1UITests.framework; sourceTree = BUILT_PRODUCTS_DIR; };
		95DA01F39BD72FDF333A0A4C /* Pods_share.framework */ = {isa = PBXFileReference; explicitFileType = wrapper.framework; includeInIndex = 0; path = Pods_share.framework; sourceTree = BUILT_PRODUCTS_DIR; };
		98855D475B56C4D0853D838F /* Pods-se1UITests.debug.xcconfig */ = {isa = PBXFileReference; includeInIndex = 1; lastKnownFileType = text.xcconfig; name = "Pods-se1UITests.debug.xcconfig"; path = "Pods/Target Support Files/Pods-se1UITests/Pods-se1UITests.debug.xcconfig"; sourceTree = "<group>"; };
		A7297B6D8DA19B6444CFE193 /* Pods_se1Tests.framework */ = {isa = PBXFileReference; explicitFileType = wrapper.framework; includeInIndex = 0; path = Pods_se1Tests.framework; sourceTree = BUILT_PRODUCTS_DIR; };
		AAE5A53679CB5D246347C5D6 /* Pods-se1Tests.debug.xcconfig */ = {isa = PBXFileReference; includeInIndex = 1; lastKnownFileType = text.xcconfig; name = "Pods-se1Tests.debug.xcconfig"; path = "Pods/Target Support Files/Pods-se1Tests/Pods-se1Tests.debug.xcconfig"; sourceTree = "<group>"; };
		B0F2CF27ED509D1DFD071D73 /* Pods-se1.debug.xcconfig */ = {isa = PBXFileReference; includeInIndex = 1; lastKnownFileType = text.xcconfig; name = "Pods-se1.debug.xcconfig"; path = "Pods/Target Support Files/Pods-se1/Pods-se1.debug.xcconfig"; sourceTree = "<group>"; };
		B206E43521838DD20057C9D1 /* se1.app */ = {isa = PBXFileReference; explicitFileType = wrapper.application; includeInIndex = 0; path = se1.app; sourceTree = BUILT_PRODUCTS_DIR; };
		B206E43821838DD20057C9D1 /* AppDelegate.swift */ = {isa = PBXFileReference; lastKnownFileType = sourcecode.swift; path = AppDelegate.swift; sourceTree = "<group>"; };
		B206E43A21838DD20057C9D1 /* ViewController.swift */ = {isa = PBXFileReference; lastKnownFileType = sourcecode.swift; path = ViewController.swift; sourceTree = "<group>"; };
		B206E43D21838DD20057C9D1 /* Base */ = {isa = PBXFileReference; lastKnownFileType = file.storyboard; name = Base; path = Base.lproj/Main.storyboard; sourceTree = "<group>"; };
		B206E44021838DD20057C9D1 /* se1.xcdatamodel */ = {isa = PBXFileReference; lastKnownFileType = wrapper.xcdatamodel; path = se1.xcdatamodel; sourceTree = "<group>"; };
		B206E44221838DD30057C9D1 /* Assets.xcassets */ = {isa = PBXFileReference; lastKnownFileType = folder.assetcatalog; path = Assets.xcassets; sourceTree = "<group>"; };
		B206E44521838DD30057C9D1 /* Base */ = {isa = PBXFileReference; lastKnownFileType = file.storyboard; name = Base; path = Base.lproj/LaunchScreen.storyboard; sourceTree = "<group>"; };
		B206E44721838DD30057C9D1 /* Info.plist */ = {isa = PBXFileReference; lastKnownFileType = text.plist.xml; path = Info.plist; sourceTree = "<group>"; };
		B206E44C21838DD30057C9D1 /* se1Tests.xctest */ = {isa = PBXFileReference; explicitFileType = wrapper.cfbundle; includeInIndex = 0; path = se1Tests.xctest; sourceTree = BUILT_PRODUCTS_DIR; };
		B206E45021838DD30057C9D1 /* se1Tests.swift */ = {isa = PBXFileReference; lastKnownFileType = sourcecode.swift; path = se1Tests.swift; sourceTree = "<group>"; };
		B206E45221838DD30057C9D1 /* Info.plist */ = {isa = PBXFileReference; lastKnownFileType = text.plist.xml; path = Info.plist; sourceTree = "<group>"; };
		B206E45721838DD40057C9D1 /* se1UITests.xctest */ = {isa = PBXFileReference; explicitFileType = wrapper.cfbundle; includeInIndex = 0; path = se1UITests.xctest; sourceTree = BUILT_PRODUCTS_DIR; };
		B206E45B21838DD40057C9D1 /* se1UITests.swift */ = {isa = PBXFileReference; lastKnownFileType = sourcecode.swift; path = se1UITests.swift; sourceTree = "<group>"; };
		B206E45D21838DD40057C9D1 /* Info.plist */ = {isa = PBXFileReference; lastKnownFileType = text.plist.xml; path = Info.plist; sourceTree = "<group>"; };
		B206E46D21838E440057C9D1 /* share.appex */ = {isa = PBXFileReference; explicitFileType = "wrapper.app-extension"; includeInIndex = 0; path = share.appex; sourceTree = BUILT_PRODUCTS_DIR; };
		B206E46F21838E440057C9D1 /* ShareViewController.swift */ = {isa = PBXFileReference; lastKnownFileType = sourcecode.swift; path = ShareViewController.swift; sourceTree = "<group>"; };
		B206E47221838E440057C9D1 /* Base */ = {isa = PBXFileReference; lastKnownFileType = file.storyboard; name = Base; path = Base.lproj/MainInterface.storyboard; sourceTree = "<group>"; };
		B206E47421838E440057C9D1 /* Info.plist */ = {isa = PBXFileReference; lastKnownFileType = text.plist.xml; path = Info.plist; sourceTree = "<group>"; };
		B206E47C2183E7450057C9D1 /* share.entitlements */ = {isa = PBXFileReference; lastKnownFileType = text.plist.entitlements; path = share.entitlements; sourceTree = "<group>"; };
		B206E47D2183E7500057C9D1 /* se1.entitlements */ = {isa = PBXFileReference; lastKnownFileType = text.plist.entitlements; path = se1.entitlements; sourceTree = "<group>"; };
		B206E47E218400E10057C9D1 /* TableViewController.swift */ = {isa = PBXFileReference; lastKnownFileType = sourcecode.swift; path = TableViewController.swift; sourceTree = "<group>"; };
		B212F9DD218E32C000324326 /* Pods_se1.framework */ = {isa = PBXFileReference; explicitFileType = wrapper.framework; path = Pods_se1.framework; sourceTree = BUILT_PRODUCTS_DIR; };
		B212F9DF2190B13400324326 /* HelpContentViewController.swift */ = {isa = PBXFileReference; fileEncoding = 4; lastKnownFileType = sourcecode.swift; path = HelpContentViewController.swift; sourceTree = "<group>"; };
		B212F9E02190B13400324326 /* HelpViewController.swift */ = {isa = PBXFileReference; fileEncoding = 4; lastKnownFileType = sourcecode.swift; path = HelpViewController.swift; sourceTree = "<group>"; };
		B212F9E32190B3D400324326 /* RoundButton.swift */ = {isa = PBXFileReference; fileEncoding = 4; lastKnownFileType = sourcecode.swift; path = RoundButton.swift; sourceTree = "<group>"; };
		B212F9E62190B63200324326 /* mainshot-2.png */ = {isa = PBXFileReference; lastKnownFileType = image.png; name = "mainshot-2.png"; path = "se1/helpscreens/mainshot-2.png"; sourceTree = SOURCE_ROOT; };
		B212F9E72190B63200324326 /* mainshot-3.png */ = {isa = PBXFileReference; lastKnownFileType = image.png; name = "mainshot-3.png"; path = "se1/helpscreens/mainshot-3.png"; sourceTree = SOURCE_ROOT; };
		B212F9E82190B63200324326 /* mainshot-4.png */ = {isa = PBXFileReference; lastKnownFileType = image.png; name = "mainshot-4.png"; path = "se1/helpscreens/mainshot-4.png"; sourceTree = SOURCE_ROOT; };
		B212F9E92190B63200324326 /* mainshot-5.png */ = {isa = PBXFileReference; lastKnownFileType = image.png; name = "mainshot-5.png"; path = "se1/helpscreens/mainshot-5.png"; sourceTree = SOURCE_ROOT; };
		B212F9EA2190B63200324326 /* mainshot-1.png */ = {isa = PBXFileReference; lastKnownFileType = image.png; name = "mainshot-1.png"; path = "se1/helpscreens/mainshot-1.png"; sourceTree = SOURCE_ROOT; };
		B212F9F02190B9FC00324326 /* mainshot-6.png */ = {isa = PBXFileReference; lastKnownFileType = image.png; name = "mainshot-6.png"; path = "se1/helpscreens/mainshot-6.png"; sourceTree = SOURCE_ROOT; };
		B768D2BFFB71723E029E1BFD /* Pods-share.debug.xcconfig */ = {isa = PBXFileReference; includeInIndex = 1; lastKnownFileType = text.xcconfig; name = "Pods-share.debug.xcconfig"; path = "Pods/Target Support Files/Pods-share/Pods-share.debug.xcconfig"; sourceTree = "<group>"; };
/* End PBXFileReference section */

/* Begin PBXFrameworksBuildPhase section */
		B206E43221838DD20057C9D1 /* Frameworks */ = {
			isa = PBXFrameworksBuildPhase;
			buildActionMask = 2147483647;
			files = (
				AEB83C8868EE0F067DCD4E41 /* Pods_se1.framework in Frameworks */,
				87FA7ED91C7AC4790DB088F0 /* Pods_se1.framework in Frameworks */,
			);
			runOnlyForDeploymentPostprocessing = 0;
		};
		B206E44921838DD30057C9D1 /* Frameworks */ = {
			isa = PBXFrameworksBuildPhase;
			buildActionMask = 2147483647;
			files = (
				3174FCBC0593B5C1F60788DB /* Pods_se1Tests.framework in Frameworks */,
			);
			runOnlyForDeploymentPostprocessing = 0;
		};
		B206E45421838DD40057C9D1 /* Frameworks */ = {
			isa = PBXFrameworksBuildPhase;
			buildActionMask = 2147483647;
			files = (
				D306132F8BA83625AE250987 /* Pods_se1UITests.framework in Frameworks */,
			);
			runOnlyForDeploymentPostprocessing = 0;
		};
		B206E46A21838E440057C9D1 /* Frameworks */ = {
			isa = PBXFrameworksBuildPhase;
			buildActionMask = 2147483647;
			files = (
				B212F9DE218E32C000324326 /* Pods_se1.framework in Frameworks */,
				897B933448623D1E16F00C89 /* Pods_share.framework in Frameworks */,
			);
			runOnlyForDeploymentPostprocessing = 0;
		};
/* End PBXFrameworksBuildPhase section */

/* Begin PBXGroup section */
		24950DC3B78B993FBDF3F64B /* Pods */ = {
			isa = PBXGroup;
			children = (
				B0F2CF27ED509D1DFD071D73 /* Pods-se1.debug.xcconfig */,
				78370595F1CA64484DAC6E89 /* Pods-se1.release.xcconfig */,
				AAE5A53679CB5D246347C5D6 /* Pods-se1Tests.debug.xcconfig */,
				0067A9794DA087BB14F8BFD0 /* Pods-se1Tests.release.xcconfig */,
				98855D475B56C4D0853D838F /* Pods-se1UITests.debug.xcconfig */,
				020BCD0657ED45303A7C839C /* Pods-se1UITests.release.xcconfig */,
				B768D2BFFB71723E029E1BFD /* Pods-share.debug.xcconfig */,
				1253C3218FC0D6501D815B15 /* Pods-share.release.xcconfig */,
			);
			name = Pods;
			sourceTree = "<group>";
		};
		4ED56BD8C64B2C40FAE72079 /* Frameworks */ = {
			isa = PBXGroup;
			children = (
				B212F9DD218E32C000324326 /* Pods_se1.framework */,
				1CA839CFFE48F97E98A706A0 /* Pods_se1.framework */,
				A7297B6D8DA19B6444CFE193 /* Pods_se1Tests.framework */,
				86CADB8EECD99565CF73B3C0 /* Pods_se1UITests.framework */,
				95DA01F39BD72FDF333A0A4C /* Pods_share.framework */,
			);
			name = Frameworks;
			sourceTree = "<group>";
		};
		B206E42C21838DD20057C9D1 = {
			isa = PBXGroup;
			children = (
				B206E43721838DD20057C9D1 /* se1 */,
				B206E44F21838DD30057C9D1 /* se1Tests */,
				B206E46E21838E440057C9D1 /* share */,
				B206E45A21838DD40057C9D1 /* se1UITests */,
				B206E43621838DD20057C9D1 /* Products */,
				24950DC3B78B993FBDF3F64B /* Pods */,
				4ED56BD8C64B2C40FAE72079 /* Frameworks */,
			);
			sourceTree = "<group>";
		};
		B206E43621838DD20057C9D1 /* Products */ = {
			isa = PBXGroup;
			children = (
				B206E43521838DD20057C9D1 /* se1.app */,
				B206E44C21838DD30057C9D1 /* se1Tests.xctest */,
				B206E45721838DD40057C9D1 /* se1UITests.xctest */,
				B206E46D21838E440057C9D1 /* share.appex */,
			);
			name = Products;
			sourceTree = "<group>";
		};
		B206E43721838DD20057C9D1 /* se1 */ = {
			isa = PBXGroup;
			children = (
				B212F9E52190B60700324326 /* screenshots */,
				B212F9E32190B3D400324326 /* RoundButton.swift */,
				B212F9DF2190B13400324326 /* HelpContentViewController.swift */,
				B212F9E02190B13400324326 /* HelpViewController.swift */,
				B206E47D2183E7500057C9D1 /* se1.entitlements */,
				B206E43821838DD20057C9D1 /* AppDelegate.swift */,
				B206E43A21838DD20057C9D1 /* ViewController.swift */,
				B206E43C21838DD20057C9D1 /* Main.storyboard */,
				B206E44221838DD30057C9D1 /* Assets.xcassets */,
				B206E44421838DD30057C9D1 /* LaunchScreen.storyboard */,
				B206E44721838DD30057C9D1 /* Info.plist */,
				B206E43F21838DD20057C9D1 /* se1.xcdatamodeld */,
			);
			path = se1;
			sourceTree = "<group>";
		};
		B206E44F21838DD30057C9D1 /* se1Tests */ = {
			isa = PBXGroup;
			children = (
				B206E45021838DD30057C9D1 /* se1Tests.swift */,
				B206E45221838DD30057C9D1 /* Info.plist */,
			);
			path = se1Tests;
			sourceTree = "<group>";
		};
		B206E45A21838DD40057C9D1 /* se1UITests */ = {
			isa = PBXGroup;
			children = (
				B206E45B21838DD40057C9D1 /* se1UITests.swift */,
				B206E45D21838DD40057C9D1 /* Info.plist */,
			);
			path = se1UITests;
			sourceTree = "<group>";
		};
		B206E46E21838E440057C9D1 /* share */ = {
			isa = PBXGroup;
			children = (
				B206E47C2183E7450057C9D1 /* share.entitlements */,
				B206E46F21838E440057C9D1 /* ShareViewController.swift */,
				B206E47121838E440057C9D1 /* MainInterface.storyboard */,
				B206E47421838E440057C9D1 /* Info.plist */,
				B206E47E218400E10057C9D1 /* TableViewController.swift */,
			);
			path = share;
			sourceTree = "<group>";
		};
		B212F9E52190B60700324326 /* screenshots */ = {
			isa = PBXGroup;
			children = (
				B212F9F02190B9FC00324326 /* mainshot-6.png */,
				B212F9EA2190B63200324326 /* mainshot-1.png */,
				B212F9E62190B63200324326 /* mainshot-2.png */,
				B212F9E72190B63200324326 /* mainshot-3.png */,
				B212F9E82190B63200324326 /* mainshot-4.png */,
				B212F9E92190B63200324326 /* mainshot-5.png */,
			);
			path = screenshots;
			sourceTree = "<group>";
		};
/* End PBXGroup section */

/* Begin PBXNativeTarget section */
		B206E43421838DD20057C9D1 /* se1 */ = {
			isa = PBXNativeTarget;
			buildConfigurationList = B206E46021838DD40057C9D1 /* Build configuration list for PBXNativeTarget "se1" */;
			buildPhases = (
				3732ECFFE9361D5BD45E5335 /* [CP] Check Pods Manifest.lock */,
				B206E43121838DD20057C9D1 /* Sources */,
				B206E43221838DD20057C9D1 /* Frameworks */,
				B206E43321838DD20057C9D1 /* Resources */,
				B206E47B21838E440057C9D1 /* Embed App Extensions */,
				E65BF18AF29C97F2D2DCACFB /* [CP] Embed Pods Frameworks */,
			);
			buildRules = (
			);
			dependencies = (
				B206E47621838E440057C9D1 /* PBXTargetDependency */,
			);
			name = se1;
			productName = se1;
			productReference = B206E43521838DD20057C9D1 /* se1.app */;
			productType = "com.apple.product-type.application";
		};
		B206E44B21838DD30057C9D1 /* se1Tests */ = {
			isa = PBXNativeTarget;
			buildConfigurationList = B206E46321838DD40057C9D1 /* Build configuration list for PBXNativeTarget "se1Tests" */;
			buildPhases = (
				149D13F7D977C1F814773CA2 /* [CP] Check Pods Manifest.lock */,
				B206E44821838DD30057C9D1 /* Sources */,
				B206E44921838DD30057C9D1 /* Frameworks */,
				B206E44A21838DD30057C9D1 /* Resources */,
			);
			buildRules = (
			);
			dependencies = (
				B206E44E21838DD30057C9D1 /* PBXTargetDependency */,
			);
			name = se1Tests;
			productName = se1Tests;
			productReference = B206E44C21838DD30057C9D1 /* se1Tests.xctest */;
			productType = "com.apple.product-type.bundle.unit-test";
		};
		B206E45621838DD40057C9D1 /* se1UITests */ = {
			isa = PBXNativeTarget;
			buildConfigurationList = B206E46621838DD40057C9D1 /* Build configuration list for PBXNativeTarget "se1UITests" */;
			buildPhases = (
				68B54D238442B11796761356 /* [CP] Check Pods Manifest.lock */,
				B206E45321838DD40057C9D1 /* Sources */,
				B206E45421838DD40057C9D1 /* Frameworks */,
				B206E45521838DD40057C9D1 /* Resources */,
			);
			buildRules = (
			);
			dependencies = (
				B206E45921838DD40057C9D1 /* PBXTargetDependency */,
			);
			name = se1UITests;
			productName = se1UITests;
			productReference = B206E45721838DD40057C9D1 /* se1UITests.xctest */;
			productType = "com.apple.product-type.bundle.ui-testing";
		};
		B206E46C21838E440057C9D1 /* share */ = {
			isa = PBXNativeTarget;
			buildConfigurationList = B206E47821838E440057C9D1 /* Build configuration list for PBXNativeTarget "share" */;
			buildPhases = (
				E55701122D6294CC48E8DACF /* [CP] Check Pods Manifest.lock */,
				B206E46921838E440057C9D1 /* Sources */,
				B206E46A21838E440057C9D1 /* Frameworks */,
				B206E46B21838E440057C9D1 /* Resources */,
			);
			buildRules = (
			);
			dependencies = (
			);
			name = share;
			productName = share;
			productReference = B206E46D21838E440057C9D1 /* share.appex */;
			productType = "com.apple.product-type.app-extension";
		};
/* End PBXNativeTarget section */

/* Begin PBXProject section */
		B206E42D21838DD20057C9D1 /* Project object */ = {
			isa = PBXProject;
			attributes = {
				LastSwiftUpdateCheck = 1000;
				LastUpgradeCheck = 1000;
				ORGANIZATIONNAME = "Alben Software";
				TargetAttributes = {
					B206E43421838DD20057C9D1 = {
						CreatedOnToolsVersion = 10.0;
						SystemCapabilities = {
							com.apple.ApplicationGroups.iOS = {
								enabled = 1;
							};
						};
					};
					B206E44B21838DD30057C9D1 = {
						CreatedOnToolsVersion = 10.0;
						TestTargetID = B206E43421838DD20057C9D1;
					};
					B206E45621838DD40057C9D1 = {
						CreatedOnToolsVersion = 10.0;
						TestTargetID = B206E43421838DD20057C9D1;
					};
					B206E46C21838E440057C9D1 = {
						CreatedOnToolsVersion = 10.0;
						SystemCapabilities = {
							com.apple.ApplicationGroups.iOS = {
								enabled = 1;
							};
						};
					};
				};
			};
			buildConfigurationList = B206E43021838DD20057C9D1 /* Build configuration list for PBXProject "se1" */;
			compatibilityVersion = "Xcode 9.3";
			developmentRegion = en;
			hasScannedForEncodings = 0;
			knownRegions = (
				en,
				Base,
			);
			mainGroup = B206E42C21838DD20057C9D1;
			productRefGroup = B206E43621838DD20057C9D1 /* Products */;
			projectDirPath = "";
			projectRoot = "";
			targets = (
				B206E43421838DD20057C9D1 /* se1 */,
				B206E44B21838DD30057C9D1 /* se1Tests */,
				B206E45621838DD40057C9D1 /* se1UITests */,
				B206E46C21838E440057C9D1 /* share */,
			);
		};
/* End PBXProject section */

/* Begin PBXResourcesBuildPhase section */
		B206E43321838DD20057C9D1 /* Resources */ = {
			isa = PBXResourcesBuildPhase;
			buildActionMask = 2147483647;
			files = (
				B206E44621838DD30057C9D1 /* LaunchScreen.storyboard in Resources */,
				B212F9ED2190B63200324326 /* mainshot-4.png in Resources */,
				B212F9F12190B9FC00324326 /* mainshot-6.png in Resources */,
				B212F9EF2190B63200324326 /* mainshot-1.png in Resources */,
				B212F9EC2190B63200324326 /* mainshot-3.png in Resources */,
				B206E44321838DD30057C9D1 /* Assets.xcassets in Resources */,
				B206E43E21838DD20057C9D1 /* Main.storyboard in Resources */,
				B212F9EE2190B63200324326 /* mainshot-5.png in Resources */,
				B212F9EB2190B63200324326 /* mainshot-2.png in Resources */,
			);
			runOnlyForDeploymentPostprocessing = 0;
		};
		B206E44A21838DD30057C9D1 /* Resources */ = {
			isa = PBXResourcesBuildPhase;
			buildActionMask = 2147483647;
			files = (
			);
			runOnlyForDeploymentPostprocessing = 0;
		};
		B206E45521838DD40057C9D1 /* Resources */ = {
			isa = PBXResourcesBuildPhase;
			buildActionMask = 2147483647;
			files = (
			);
			runOnlyForDeploymentPostprocessing = 0;
		};
		B206E46B21838E440057C9D1 /* Resources */ = {
			isa = PBXResourcesBuildPhase;
			buildActionMask = 2147483647;
			files = (
				B206E47321838E440057C9D1 /* MainInterface.storyboard in Resources */,
			);
			runOnlyForDeploymentPostprocessing = 0;
		};
/* End PBXResourcesBuildPhase section */

/* Begin PBXShellScriptBuildPhase section */
		149D13F7D977C1F814773CA2 /* [CP] Check Pods Manifest.lock */ = {
			isa = PBXShellScriptBuildPhase;
			buildActionMask = 2147483647;
			files = (
			);
			inputPaths = (
				"${PODS_PODFILE_DIR_PATH}/Podfile.lock",
				"${PODS_ROOT}/Manifest.lock",
			);
			name = "[CP] Check Pods Manifest.lock";
			outputPaths = (
				"$(DERIVED_FILE_DIR)/Pods-se1Tests-checkManifestLockResult.txt",
			);
			runOnlyForDeploymentPostprocessing = 0;
			shellPath = /bin/sh;
			shellScript = "diff \"${PODS_PODFILE_DIR_PATH}/Podfile.lock\" \"${PODS_ROOT}/Manifest.lock\" > /dev/null\nif [ $? != 0 ] ; then\n    # print error to STDERR\n    echo \"error: The sandbox is not in sync with the Podfile.lock. Run 'pod install' or update your CocoaPods installation.\" >&2\n    exit 1\nfi\n# This output is used by Xcode 'outputs' to avoid re-running this script phase.\necho \"SUCCESS\" > \"${SCRIPT_OUTPUT_FILE_0}\"\n";
			showEnvVarsInLog = 0;
		};
		3732ECFFE9361D5BD45E5335 /* [CP] Check Pods Manifest.lock */ = {
			isa = PBXShellScriptBuildPhase;
			buildActionMask = 2147483647;
			files = (
			);
			inputPaths = (
				"${PODS_PODFILE_DIR_PATH}/Podfile.lock",
				"${PODS_ROOT}/Manifest.lock",
			);
			name = "[CP] Check Pods Manifest.lock";
			outputPaths = (
				"$(DERIVED_FILE_DIR)/Pods-se1-checkManifestLockResult.txt",
			);
			runOnlyForDeploymentPostprocessing = 0;
			shellPath = /bin/sh;
			shellScript = "diff \"${PODS_PODFILE_DIR_PATH}/Podfile.lock\" \"${PODS_ROOT}/Manifest.lock\" > /dev/null\nif [ $? != 0 ] ; then\n    # print error to STDERR\n    echo \"error: The sandbox is not in sync with the Podfile.lock. Run 'pod install' or update your CocoaPods installation.\" >&2\n    exit 1\nfi\n# This output is used by Xcode 'outputs' to avoid re-running this script phase.\necho \"SUCCESS\" > \"${SCRIPT_OUTPUT_FILE_0}\"\n";
			showEnvVarsInLog = 0;
		};
		68B54D238442B11796761356 /* [CP] Check Pods Manifest.lock */ = {
			isa = PBXShellScriptBuildPhase;
			buildActionMask = 2147483647;
			files = (
			);
			inputPaths = (
				"${PODS_PODFILE_DIR_PATH}/Podfile.lock",
				"${PODS_ROOT}/Manifest.lock",
			);
			name = "[CP] Check Pods Manifest.lock";
			outputPaths = (
				"$(DERIVED_FILE_DIR)/Pods-se1UITests-checkManifestLockResult.txt",
			);
			runOnlyForDeploymentPostprocessing = 0;
			shellPath = /bin/sh;
			shellScript = "diff \"${PODS_PODFILE_DIR_PATH}/Podfile.lock\" \"${PODS_ROOT}/Manifest.lock\" > /dev/null\nif [ $? != 0 ] ; then\n    # print error to STDERR\n    echo \"error: The sandbox is not in sync with the Podfile.lock. Run 'pod install' or update your CocoaPods installation.\" >&2\n    exit 1\nfi\n# This output is used by Xcode 'outputs' to avoid re-running this script phase.\necho \"SUCCESS\" > \"${SCRIPT_OUTPUT_FILE_0}\"\n";
			showEnvVarsInLog = 0;
		};
		E55701122D6294CC48E8DACF /* [CP] Check Pods Manifest.lock */ = {
			isa = PBXShellScriptBuildPhase;
			buildActionMask = 2147483647;
			files = (
			);
			inputPaths = (
				"${PODS_PODFILE_DIR_PATH}/Podfile.lock",
				"${PODS_ROOT}/Manifest.lock",
			);
			name = "[CP] Check Pods Manifest.lock";
			outputPaths = (
				"$(DERIVED_FILE_DIR)/Pods-share-checkManifestLockResult.txt",
			);
			runOnlyForDeploymentPostprocessing = 0;
			shellPath = /bin/sh;
			shellScript = "diff \"${PODS_PODFILE_DIR_PATH}/Podfile.lock\" \"${PODS_ROOT}/Manifest.lock\" > /dev/null\nif [ $? != 0 ] ; then\n    # print error to STDERR\n    echo \"error: The sandbox is not in sync with the Podfile.lock. Run 'pod install' or update your CocoaPods installation.\" >&2\n    exit 1\nfi\n# This output is used by Xcode 'outputs' to avoid re-running this script phase.\necho \"SUCCESS\" > \"${SCRIPT_OUTPUT_FILE_0}\"\n";
			showEnvVarsInLog = 0;
		};
		E65BF18AF29C97F2D2DCACFB /* [CP] Embed Pods Frameworks */ = {
			isa = PBXShellScriptBuildPhase;
			buildActionMask = 2147483647;
			files = (
			);
			inputPaths = (
				"${SRCROOT}/Pods/Target Support Files/Pods-se1/Pods-se1-frameworks.sh",
				"${BUILT_PRODUCTS_DIR}/Toast/Toast.framework",
			);
			name = "[CP] Embed Pods Frameworks";
			outputPaths = (
				"${TARGET_BUILD_DIR}/${FRAMEWORKS_FOLDER_PATH}/Toast.framework",
			);
			runOnlyForDeploymentPostprocessing = 0;
			shellPath = /bin/sh;
			shellScript = "\"${SRCROOT}/Pods/Target Support Files/Pods-se1/Pods-se1-frameworks.sh\"\n";
			showEnvVarsInLog = 0;
		};
/* End PBXShellScriptBuildPhase section */

/* Begin PBXSourcesBuildPhase section */
		B206E43121838DD20057C9D1 /* Sources */ = {
			isa = PBXSourcesBuildPhase;
			buildActionMask = 2147483647;
			files = (
				B212F9E42190B3D400324326 /* RoundButton.swift in Sources */,
				B206E43B21838DD20057C9D1 /* ViewController.swift in Sources */,
				B212F9E12190B13400324326 /* HelpContentViewController.swift in Sources */,
				B206E44121838DD20057C9D1 /* se1.xcdatamodeld in Sources */,
				B206E43921838DD20057C9D1 /* AppDelegate.swift in Sources */,
				B212F9E22190B13400324326 /* HelpViewController.swift in Sources */,
			);
			runOnlyForDeploymentPostprocessing = 0;
		};
		B206E44821838DD30057C9D1 /* Sources */ = {
			isa = PBXSourcesBuildPhase;
			buildActionMask = 2147483647;
			files = (
				B206E45121838DD30057C9D1 /* se1Tests.swift in Sources */,
			);
			runOnlyForDeploymentPostprocessing = 0;
		};
		B206E45321838DD40057C9D1 /* Sources */ = {
			isa = PBXSourcesBuildPhase;
			buildActionMask = 2147483647;
			files = (
				B206E45C21838DD40057C9D1 /* se1UITests.swift in Sources */,
			);
			runOnlyForDeploymentPostprocessing = 0;
		};
		B206E46921838E440057C9D1 /* Sources */ = {
			isa = PBXSourcesBuildPhase;
			buildActionMask = 2147483647;
			files = (
				B206E47021838E440057C9D1 /* ShareViewController.swift in Sources */,
				B206E47F218400E10057C9D1 /* TableViewController.swift in Sources */,
			);
			runOnlyForDeploymentPostprocessing = 0;
		};
/* End PBXSourcesBuildPhase section */

/* Begin PBXTargetDependency section */
		B206E44E21838DD30057C9D1 /* PBXTargetDependency */ = {
			isa = PBXTargetDependency;
			target = B206E43421838DD20057C9D1 /* se1 */;
			targetProxy = B206E44D21838DD30057C9D1 /* PBXContainerItemProxy */;
		};
		B206E45921838DD40057C9D1 /* PBXTargetDependency */ = {
			isa = PBXTargetDependency;
			target = B206E43421838DD20057C9D1 /* se1 */;
			targetProxy = B206E45821838DD40057C9D1 /* PBXContainerItemProxy */;
		};
		B206E47621838E440057C9D1 /* PBXTargetDependency */ = {
			isa = PBXTargetDependency;
			target = B206E46C21838E440057C9D1 /* share */;
			targetProxy = B206E47521838E440057C9D1 /* PBXContainerItemProxy */;
		};
/* End PBXTargetDependency section */

/* Begin PBXVariantGroup section */
		B206E43C21838DD20057C9D1 /* Main.storyboard */ = {
			isa = PBXVariantGroup;
			children = (
				B206E43D21838DD20057C9D1 /* Base */,
			);
			name = Main.storyboard;
			sourceTree = "<group>";
		};
		B206E44421838DD30057C9D1 /* LaunchScreen.storyboard */ = {
			isa = PBXVariantGroup;
			children = (
				B206E44521838DD30057C9D1 /* Base */,
			);
			name = LaunchScreen.storyboard;
			sourceTree = "<group>";
		};
		B206E47121838E440057C9D1 /* MainInterface.storyboard */ = {
			isa = PBXVariantGroup;
			children = (
				B206E47221838E440057C9D1 /* Base */,
			);
			name = MainInterface.storyboard;
			sourceTree = "<group>";
		};
/* End PBXVariantGroup section */

/* Begin XCBuildConfiguration section */
		B206E45E21838DD40057C9D1 /* Debug */ = {
			isa = XCBuildConfiguration;
			buildSettings = {
				ALWAYS_SEARCH_USER_PATHS = NO;
				CLANG_ANALYZER_NONNULL = YES;
				CLANG_ANALYZER_NUMBER_OBJECT_CONVERSION = YES_AGGRESSIVE;
				CLANG_CXX_LANGUAGE_STANDARD = "gnu++14";
				CLANG_CXX_LIBRARY = "libc++";
				CLANG_ENABLE_MODULES = YES;
				CLANG_ENABLE_OBJC_ARC = YES;
				CLANG_ENABLE_OBJC_WEAK = YES;
				CLANG_WARN_BLOCK_CAPTURE_AUTORELEASING = YES;
				CLANG_WARN_BOOL_CONVERSION = YES;
				CLANG_WARN_COMMA = YES;
				CLANG_WARN_CONSTANT_CONVERSION = YES;
				CLANG_WARN_DEPRECATED_OBJC_IMPLEMENTATIONS = YES;
				CLANG_WARN_DIRECT_OBJC_ISA_USAGE = YES_ERROR;
				CLANG_WARN_DOCUMENTATION_COMMENTS = YES;
				CLANG_WARN_EMPTY_BODY = YES;
				CLANG_WARN_ENUM_CONVERSION = YES;
				CLANG_WARN_INFINITE_RECURSION = YES;
				CLANG_WARN_INT_CONVERSION = YES;
				CLANG_WARN_NON_LITERAL_NULL_CONVERSION = YES;
				CLANG_WARN_OBJC_IMPLICIT_RETAIN_SELF = YES;
				CLANG_WARN_OBJC_LITERAL_CONVERSION = YES;
				CLANG_WARN_OBJC_ROOT_CLASS = YES_ERROR;
				CLANG_WARN_RANGE_LOOP_ANALYSIS = YES;
				CLANG_WARN_STRICT_PROTOTYPES = YES;
				CLANG_WARN_SUSPICIOUS_MOVE = YES;
				CLANG_WARN_UNGUARDED_AVAILABILITY = YES_AGGRESSIVE;
				CLANG_WARN_UNREACHABLE_CODE = YES;
				CLANG_WARN__DUPLICATE_METHOD_MATCH = YES;
				CODE_SIGN_IDENTITY = "iPhone Developer";
				COPY_PHASE_STRIP = NO;
				DEBUG_INFORMATION_FORMAT = dwarf;
				ENABLE_STRICT_OBJC_MSGSEND = YES;
				ENABLE_TESTABILITY = YES;
				GCC_C_LANGUAGE_STANDARD = gnu11;
				GCC_DYNAMIC_NO_PIC = NO;
				GCC_NO_COMMON_BLOCKS = YES;
				GCC_OPTIMIZATION_LEVEL = 0;
				GCC_PREPROCESSOR_DEFINITIONS = (
					"DEBUG=1",
					"$(inherited)",
				);
				GCC_WARN_64_TO_32_BIT_CONVERSION = YES;
				GCC_WARN_ABOUT_RETURN_TYPE = YES_ERROR;
				GCC_WARN_UNDECLARED_SELECTOR = YES;
				GCC_WARN_UNINITIALIZED_AUTOS = YES_AGGRESSIVE;
				GCC_WARN_UNUSED_FUNCTION = YES;
				GCC_WARN_UNUSED_VARIABLE = YES;
				IPHONEOS_DEPLOYMENT_TARGET = 12.0;
				MTL_ENABLE_DEBUG_INFO = INCLUDE_SOURCE;
				MTL_FAST_MATH = YES;
				ONLY_ACTIVE_ARCH = YES;
				SDKROOT = iphoneos;
				SWIFT_ACTIVE_COMPILATION_CONDITIONS = DEBUG;
				SWIFT_OPTIMIZATION_LEVEL = "-Onone";
			};
			name = Debug;
		};
		B206E45F21838DD40057C9D1 /* Release */ = {
			isa = XCBuildConfiguration;
			buildSettings = {
				ALWAYS_SEARCH_USER_PATHS = NO;
				CLANG_ANALYZER_NONNULL = YES;
				CLANG_ANALYZER_NUMBER_OBJECT_CONVERSION = YES_AGGRESSIVE;
				CLANG_CXX_LANGUAGE_STANDARD = "gnu++14";
				CLANG_CXX_LIBRARY = "libc++";
				CLANG_ENABLE_MODULES = YES;
				CLANG_ENABLE_OBJC_ARC = YES;
				CLANG_ENABLE_OBJC_WEAK = YES;
				CLANG_WARN_BLOCK_CAPTURE_AUTORELEASING = YES;
				CLANG_WARN_BOOL_CONVERSION = YES;
				CLANG_WARN_COMMA = YES;
				CLANG_WARN_CONSTANT_CONVERSION = YES;
				CLANG_WARN_DEPRECATED_OBJC_IMPLEMENTATIONS = YES;
				CLANG_WARN_DIRECT_OBJC_ISA_USAGE = YES_ERROR;
				CLANG_WARN_DOCUMENTATION_COMMENTS = YES;
				CLANG_WARN_EMPTY_BODY = YES;
				CLANG_WARN_ENUM_CONVERSION = YES;
				CLANG_WARN_INFINITE_RECURSION = YES;
				CLANG_WARN_INT_CONVERSION = YES;
				CLANG_WARN_NON_LITERAL_NULL_CONVERSION = YES;
				CLANG_WARN_OBJC_IMPLICIT_RETAIN_SELF = YES;
				CLANG_WARN_OBJC_LITERAL_CONVERSION = YES;
				CLANG_WARN_OBJC_ROOT_CLASS = YES_ERROR;
				CLANG_WARN_RANGE_LOOP_ANALYSIS = YES;
				CLANG_WARN_STRICT_PROTOTYPES = YES;
				CLANG_WARN_SUSPICIOUS_MOVE = YES;
				CLANG_WARN_UNGUARDED_AVAILABILITY = YES_AGGRESSIVE;
				CLANG_WARN_UNREACHABLE_CODE = YES;
				CLANG_WARN__DUPLICATE_METHOD_MATCH = YES;
				CODE_SIGN_IDENTITY = "iPhone Developer";
				COPY_PHASE_STRIP = NO;
				DEBUG_INFORMATION_FORMAT = "dwarf-with-dsym";
				ENABLE_NS_ASSERTIONS = NO;
				ENABLE_STRICT_OBJC_MSGSEND = YES;
				GCC_C_LANGUAGE_STANDARD = gnu11;
				GCC_NO_COMMON_BLOCKS = YES;
				GCC_WARN_64_TO_32_BIT_CONVERSION = YES;
				GCC_WARN_ABOUT_RETURN_TYPE = YES_ERROR;
				GCC_WARN_UNDECLARED_SELECTOR = YES;
				GCC_WARN_UNINITIALIZED_AUTOS = YES_AGGRESSIVE;
				GCC_WARN_UNUSED_FUNCTION = YES;
				GCC_WARN_UNUSED_VARIABLE = YES;
				IPHONEOS_DEPLOYMENT_TARGET = 12.0;
				MTL_ENABLE_DEBUG_INFO = NO;
				MTL_FAST_MATH = YES;
				SDKROOT = iphoneos;
				SWIFT_COMPILATION_MODE = wholemodule;
				SWIFT_OPTIMIZATION_LEVEL = "-O";
				VALIDATE_PRODUCT = YES;
			};
			name = Release;
		};
		B206E46121838DD40057C9D1 /* Debug */ = {
			isa = XCBuildConfiguration;
			baseConfigurationReference = B0F2CF27ED509D1DFD071D73 /* Pods-se1.debug.xcconfig */;
			buildSettings = {
				ALWAYS_EMBED_SWIFT_STANDARD_LIBRARIES = YES;
				ASSETCATALOG_COMPILER_APPICON_NAME = AppIcon;
				CODE_SIGN_ENTITLEMENTS = se1/se1.entitlements;
				CODE_SIGN_STYLE = Automatic;
				CURRENT_PROJECT_VERSION = 12;
				DEVELOPMENT_TEAM = 388X7HA3JM;
				INFOPLIST_FILE = se1/Info.plist;
				IPHONEOS_DEPLOYMENT_TARGET = 11.0;
				LD_RUNPATH_SEARCH_PATHS = (
					"$(inherited)",
					"@executable_path/Frameworks",
				);
				PRODUCT_BUNDLE_IDENTIFIER = com.alben.t1.se1;
				PRODUCT_NAME = "$(TARGET_NAME)";
				SWIFT_VERSION = 4.2;
				TARGETED_DEVICE_FAMILY = "1,2";
			};
			name = Debug;
		};
		B206E46221838DD40057C9D1 /* Release */ = {
			isa = XCBuildConfiguration;
			baseConfigurationReference = 78370595F1CA64484DAC6E89 /* Pods-se1.release.xcconfig */;
			buildSettings = {
				ALWAYS_EMBED_SWIFT_STANDARD_LIBRARIES = YES;
				ASSETCATALOG_COMPILER_APPICON_NAME = AppIcon;
				CODE_SIGN_ENTITLEMENTS = se1/se1.entitlements;
				CODE_SIGN_STYLE = Automatic;
				CURRENT_PROJECT_VERSION = 12;
				DEVELOPMENT_TEAM = 388X7HA3JM;
				INFOPLIST_FILE = se1/Info.plist;
				IPHONEOS_DEPLOYMENT_TARGET = 11.0;
				LD_RUNPATH_SEARCH_PATHS = (
					"$(inherited)",
					"@executable_path/Frameworks",
				);
				PRODUCT_BUNDLE_IDENTIFIER = com.alben.t1.se1;
				PRODUCT_NAME = "$(TARGET_NAME)";
				SWIFT_VERSION = 4.2;
				TARGETED_DEVICE_FAMILY = "1,2";
			};
			name = Release;
		};
		B206E46421838DD40057C9D1 /* Debug */ = {
			isa = XCBuildConfiguration;
			baseConfigurationReference = AAE5A53679CB5D246347C5D6 /* Pods-se1Tests.debug.xcconfig */;
			buildSettings = {
				ALWAYS_EMBED_SWIFT_STANDARD_LIBRARIES = YES;
				BUNDLE_LOADER = "$(TEST_HOST)";
				CODE_SIGN_STYLE = Automatic;
				DEVELOPMENT_TEAM = 388X7HA3JM;
				INFOPLIST_FILE = se1Tests/Info.plist;
				LD_RUNPATH_SEARCH_PATHS = (
					"$(inherited)",
					"@executable_path/Frameworks",
					"@loader_path/Frameworks",
				);
				PRODUCT_BUNDLE_IDENTIFIER = com.alben.t1.se1Tests;
				PRODUCT_NAME = "$(TARGET_NAME)";
				SWIFT_VERSION = 4.2;
				TARGETED_DEVICE_FAMILY = "1,2";
				TEST_HOST = "$(BUILT_PRODUCTS_DIR)/se1.app/se1";
			};
			name = Debug;
		};
		B206E46521838DD40057C9D1 /* Release */ = {
			isa = XCBuildConfiguration;
			baseConfigurationReference = 0067A9794DA087BB14F8BFD0 /* Pods-se1Tests.release.xcconfig */;
			buildSettings = {
				ALWAYS_EMBED_SWIFT_STANDARD_LIBRARIES = YES;
				BUNDLE_LOADER = "$(TEST_HOST)";
				CODE_SIGN_STYLE = Automatic;
				DEVELOPMENT_TEAM = 388X7HA3JM;
				INFOPLIST_FILE = se1Tests/Info.plist;
				LD_RUNPATH_SEARCH_PATHS = (
					"$(inherited)",
					"@executable_path/Frameworks",
					"@loader_path/Frameworks",
				);
				PRODUCT_BUNDLE_IDENTIFIER = com.alben.t1.se1Tests;
				PRODUCT_NAME = "$(TARGET_NAME)";
				SWIFT_VERSION = 4.2;
				TARGETED_DEVICE_FAMILY = "1,2";
				TEST_HOST = "$(BUILT_PRODUCTS_DIR)/se1.app/se1";
			};
			name = Release;
		};
		B206E46721838DD40057C9D1 /* Debug */ = {
			isa = XCBuildConfiguration;
			baseConfigurationReference = 98855D475B56C4D0853D838F /* Pods-se1UITests.debug.xcconfig */;
			buildSettings = {
				ALWAYS_EMBED_SWIFT_STANDARD_LIBRARIES = YES;
				CODE_SIGN_STYLE = Automatic;
				DEVELOPMENT_TEAM = 388X7HA3JM;
				INFOPLIST_FILE = se1UITests/Info.plist;
				LD_RUNPATH_SEARCH_PATHS = (
					"$(inherited)",
					"@executable_path/Frameworks",
					"@loader_path/Frameworks",
				);
				PRODUCT_BUNDLE_IDENTIFIER = com.alben.t1.se1UITests;
				PRODUCT_NAME = "$(TARGET_NAME)";
				SWIFT_VERSION = 4.2;
				TARGETED_DEVICE_FAMILY = "1,2";
				TEST_TARGET_NAME = se1;
			};
			name = Debug;
		};
		B206E46821838DD40057C9D1 /* Release */ = {
			isa = XCBuildConfiguration;
			baseConfigurationReference = 020BCD0657ED45303A7C839C /* Pods-se1UITests.release.xcconfig */;
			buildSettings = {
				ALWAYS_EMBED_SWIFT_STANDARD_LIBRARIES = YES;
				CODE_SIGN_STYLE = Automatic;
				DEVELOPMENT_TEAM = 388X7HA3JM;
				INFOPLIST_FILE = se1UITests/Info.plist;
				LD_RUNPATH_SEARCH_PATHS = (
					"$(inherited)",
					"@executable_path/Frameworks",
					"@loader_path/Frameworks",
				);
				PRODUCT_BUNDLE_IDENTIFIER = com.alben.t1.se1UITests;
				PRODUCT_NAME = "$(TARGET_NAME)";
				SWIFT_VERSION = 4.2;
				TARGETED_DEVICE_FAMILY = "1,2";
				TEST_TARGET_NAME = se1;
			};
			name = Release;
		};
		B206E47921838E440057C9D1 /* Debug */ = {
			isa = XCBuildConfiguration;
			baseConfigurationReference = B768D2BFFB71723E029E1BFD /* Pods-share.debug.xcconfig */;
			buildSettings = {
				CODE_SIGN_ENTITLEMENTS = share/share.entitlements;
				CODE_SIGN_STYLE = Automatic;
				CURRENT_PROJECT_VERSION = 12;
				DEVELOPMENT_TEAM = 388X7HA3JM;
				INFOPLIST_FILE = share/Info.plist;
				IPHONEOS_DEPLOYMENT_TARGET = 11.0;
				LD_RUNPATH_SEARCH_PATHS = (
					"$(inherited)",
					"@executable_path/Frameworks",
					"@executable_path/../../Frameworks",
				);
				PRODUCT_BUNDLE_IDENTIFIER = com.alben.t1.se1.share;
				PRODUCT_NAME = "$(TARGET_NAME)";
				SKIP_INSTALL = YES;
				SWIFT_VERSION = 4.2;
				TARGETED_DEVICE_FAMILY = "1,2";
			};
			name = Debug;
		};
		B206E47A21838E440057C9D1 /* Release */ = {
			isa = XCBuildConfiguration;
			baseConfigurationReference = 1253C3218FC0D6501D815B15 /* Pods-share.release.xcconfig */;
			buildSettings = {
				CODE_SIGN_ENTITLEMENTS = share/share.entitlements;
				CODE_SIGN_STYLE = Automatic;
				CURRENT_PROJECT_VERSION = 12;
				DEVELOPMENT_TEAM = 388X7HA3JM;
				INFOPLIST_FILE = share/Info.plist;
				IPHONEOS_DEPLOYMENT_TARGET = 11.0;
				LD_RUNPATH_SEARCH_PATHS = (
					"$(inherited)",
					"@executable_path/Frameworks",
					"@executable_path/../../Frameworks",
				);
				PRODUCT_BUNDLE_IDENTIFIER = com.alben.t1.se1.share;
				PRODUCT_NAME = "$(TARGET_NAME)";
				SKIP_INSTALL = YES;
				SWIFT_VERSION = 4.2;
				TARGETED_DEVICE_FAMILY = "1,2";
			};
			name = Release;
		};
/* End XCBuildConfiguration section */

/* Begin XCConfigurationList section */
		B206E43021838DD20057C9D1 /* Build configuration list for PBXProject "se1" */ = {
			isa = XCConfigurationList;
			buildConfigurations = (
				B206E45E21838DD40057C9D1 /* Debug */,
				B206E45F21838DD40057C9D1 /* Release */,
			);
			defaultConfigurationIsVisible = 0;
			defaultConfigurationName = Release;
		};
		B206E46021838DD40057C9D1 /* Build configuration list for PBXNativeTarget "se1" */ = {
			isa = XCConfigurationList;
			buildConfigurations = (
				B206E46121838DD40057C9D1 /* Debug */,
				B206E46221838DD40057C9D1 /* Release */,
			);
			defaultConfigurationIsVisible = 0;
			defaultConfigurationName = Release;
		};
		B206E46321838DD40057C9D1 /* Build configuration list for PBXNativeTarget "se1Tests" */ = {
			isa = XCConfigurationList;
			buildConfigurations = (
				B206E46421838DD40057C9D1 /* Debug */,
				B206E46521838DD40057C9D1 /* Release */,
			);
			defaultConfigurationIsVisible = 0;
			defaultConfigurationName = Release;
		};
		B206E46621838DD40057C9D1 /* Build configuration list for PBXNativeTarget "se1UITests" */ = {
			isa = XCConfigurationList;
			buildConfigurations = (
				B206E46721838DD40057C9D1 /* Debug */,
				B206E46821838DD40057C9D1 /* Release */,
			);
			defaultConfigurationIsVisible = 0;
			defaultConfigurationName = Release;
		};
		B206E47821838E440057C9D1 /* Build configuration list for PBXNativeTarget "share" */ = {
			isa = XCConfigurationList;
			buildConfigurations = (
				B206E47921838E440057C9D1 /* Debug */,
				B206E47A21838E440057C9D1 /* Release */,
			);
			defaultConfigurationIsVisible = 0;
			defaultConfigurationName = Release;
		};
/* End XCConfigurationList section */

/* Begin XCVersionGroup section */
		B206E43F21838DD20057C9D1 /* se1.xcdatamodeld */ = {
			isa = XCVersionGroup;
			children = (
				B206E44021838DD20057C9D1 /* se1.xcdatamodel */,
			);
			currentVersion = B206E44021838DD20057C9D1 /* se1.xcdatamodel */;
			path = se1.xcdatamodeld;
			sourceTree = "<group>";
			versionGroupType = wrapper.xcdatamodel;
		};
/* End XCVersionGroup section */
	};
	rootObject = B206E42D21838DD20057C9D1 /* Project object */;
}
